
Microsoft Visual Studio Solution File, Format Version 12.00
# Visual Studio Version 17
VisualStudioVersion = 17.1.32228.430
MinimumVisualStudioVersion = 10.0.40219.1
Project("{FAE04EC0-301F-11D3-BF4B-00C04F79EFBC}") = "AgOpenGPS", "GPS\AgOpenGPS.csproj", "{73933709-370E-43B3-8563-CC0F48FF587B}"
EndProject
Project("{2150E333-8FDC-42A3-9474-1A3956D46DE8}") = "Solution Items", "Solution Items", "{C1E8CD41-41F6-4BA8-95B7-FF6FC3DA1688}"
	ProjectSection(SolutionItems) = preProject
		.editorconfig = .editorconfig
	EndProjectSection
EndProject
Project("{FAE04EC0-301F-11D3-BF4B-00C04F79EFBC}") = "AgIO", "AgIO\Source\AgIO.csproj", "{C88A8244-47F5-4275-AA35-54CC884E9EDE}"
EndProject
Project("{FAE04EC0-301F-11D3-BF4B-00C04F79EFBC}") = "ModSim", "ModSim\Source\ModSim.csproj", "{38E5D197-82BB-42DE-83F8-9D550D09BCDC}"
EndProject
Project("{FAE04EC0-301F-11D3-BF4B-00C04F79EFBC}") = "GPS_Out", "GPS_Out\Source\GPS_Out.csproj", "{A9BF85B8-2178-479E-B41B-4E7F84D56A79}"
EndProject
Project("{FAE04EC0-301F-11D3-BF4B-00C04F79EFBC}") = "Keypad", "Keypad\Keypad.csproj", "{F1053BAC-22C7-4E6F-A3EA-CC1E1FBA9CB0}"
EndProject
Project("{FAE04EC0-301F-11D3-BF4B-00C04F79EFBC}") = "AgLibrary", "AgLibrary\AgLibrary.csproj", "{692B4970-37F1-4F02-8F7F-A514283FC399}"
EndProject
Project("{FAE04EC0-301F-11D3-BF4B-00C04F79EFBC}") = "AgLibrary.Tests", "AgLibrary.Tests\AgLibrary.Tests.csproj", "{69DD4FB4-9119-4ABA-A7E4-5B789C49DC6F}"
EndProject
Project("{FAE04EC0-301F-11D3-BF4B-00C04F79EFBC}") = "AgOpenGPS.Core", "AgOpenGPS.Core\AgOpenGPS.Core.csproj", "{F2486554-D063-4CB0-8220-52883AFEF238}"
EndProject
Project("{FAE04EC0-301F-11D3-BF4B-00C04F79EFBC}") = "AgOpenGPS.Core.Tests", "AgOpenGPS.Core.Tests\AgOpenGPS.Core.Tests.csproj", "{C11215F6-2903-4CE6-BEA2-B70F831770D5}"
EndProject
Project("{FAE04EC0-301F-11D3-BF4B-00C04F79EFBC}") = "AgOpenGPS.WpfApp", "AgOpenGPS.WpfApp\AgOpenGPS.WpfApp.csproj", "{CCBC7CE7-6A6A-47F7-9781-36A864FDCBD5}"
EndProject
Project("{FAE04EC0-301F-11D3-BF4B-00C04F79EFBC}") = "AgOpenGPS.WpfViews", "AgOpenGPS.WpfViews\AgOpenGPS.WpfViews.csproj", "{03B426E1-59BD-4E72-9528-DE37429E21C9}"
EndProject
Global
	GlobalSection(SolutionConfigurationPlatforms) = preSolution
		Debug|Any CPU = Debug|Any CPU
		Release|Any CPU = Release|Any CPU
	EndGlobalSection
	GlobalSection(ProjectConfigurationPlatforms) = postSolution
		{73933709-370E-43B3-8563-CC0F48FF587B}.Debug|Any CPU.ActiveCfg = Debug|Any CPU
		{73933709-370E-43B3-8563-CC0F48FF587B}.Debug|Any CPU.Build.0 = Debug|Any CPU
		{73933709-370E-43B3-8563-CC0F48FF587B}.Release|Any CPU.ActiveCfg = Release|Any CPU
		{73933709-370E-43B3-8563-CC0F48FF587B}.Release|Any CPU.Build.0 = Release|Any CPU
		{C88A8244-47F5-4275-AA35-54CC884E9EDE}.Debug|Any CPU.ActiveCfg = Debug|Any CPU
		{C88A8244-47F5-4275-AA35-54CC884E9EDE}.Debug|Any CPU.Build.0 = Debug|Any CPU
		{C88A8244-47F5-4275-AA35-54CC884E9EDE}.Release|Any CPU.ActiveCfg = Release|Any CPU
		{C88A8244-47F5-4275-AA35-54CC884E9EDE}.Release|Any CPU.Build.0 = Release|Any CPU
		{38E5D197-82BB-42DE-83F8-9D550D09BCDC}.Debug|Any CPU.ActiveCfg = Debug|Any CPU
		{38E5D197-82BB-42DE-83F8-9D550D09BCDC}.Debug|Any CPU.Build.0 = Debug|Any CPU
		{38E5D197-82BB-42DE-83F8-9D550D09BCDC}.Release|Any CPU.ActiveCfg = Release|Any CPU
		{38E5D197-82BB-42DE-83F8-9D550D09BCDC}.Release|Any CPU.Build.0 = Release|Any CPU
		{A9BF85B8-2178-479E-B41B-4E7F84D56A79}.Debug|Any CPU.ActiveCfg = Debug|Any CPU
		{A9BF85B8-2178-479E-B41B-4E7F84D56A79}.Debug|Any CPU.Build.0 = Debug|Any CPU
		{A9BF85B8-2178-479E-B41B-4E7F84D56A79}.Release|Any CPU.ActiveCfg = Release|Any CPU
		{A9BF85B8-2178-479E-B41B-4E7F84D56A79}.Release|Any CPU.Build.0 = Release|Any CPU
		{F1053BAC-22C7-4E6F-A3EA-CC1E1FBA9CB0}.Debug|Any CPU.ActiveCfg = Debug|Any CPU
		{F1053BAC-22C7-4E6F-A3EA-CC1E1FBA9CB0}.Debug|Any CPU.Build.0 = Debug|Any CPU
		{F1053BAC-22C7-4E6F-A3EA-CC1E1FBA9CB0}.Release|Any CPU.ActiveCfg = Release|Any CPU
		{F1053BAC-22C7-4E6F-A3EA-CC1E1FBA9CB0}.Release|Any CPU.Build.0 = Release|Any CPU
		{692B4970-37F1-4F02-8F7F-A514283FC399}.Debug|Any CPU.ActiveCfg = Debug|Any CPU
		{692B4970-37F1-4F02-8F7F-A514283FC399}.Debug|Any CPU.Build.0 = Debug|Any CPU
		{692B4970-37F1-4F02-8F7F-A514283FC399}.Release|Any CPU.ActiveCfg = Release|Any CPU
		{692B4970-37F1-4F02-8F7F-A514283FC399}.Release|Any CPU.Build.0 = Release|Any CPU
		{69DD4FB4-9119-4ABA-A7E4-5B789C49DC6F}.Debug|Any CPU.ActiveCfg = Debug|Any CPU
		{69DD4FB4-9119-4ABA-A7E4-5B789C49DC6F}.Debug|Any CPU.Build.0 = Debug|Any CPU
		{69DD4FB4-9119-4ABA-A7E4-5B789C49DC6F}.Release|Any CPU.ActiveCfg = Release|Any CPU
		{69DD4FB4-9119-4ABA-A7E4-5B789C49DC6F}.Release|Any CPU.Build.0 = Release|Any CPU
		{F2486554-D063-4CB0-8220-52883AFEF238}.Debug|Any CPU.ActiveCfg = Debug|Any CPU
		{F2486554-D063-4CB0-8220-52883AFEF238}.Debug|Any CPU.Build.0 = Debug|Any CPU
		{F2486554-D063-4CB0-8220-52883AFEF238}.Release|Any CPU.ActiveCfg = Release|Any CPU
		{F2486554-D063-4CB0-8220-52883AFEF238}.Release|Any CPU.Build.0 = Release|Any CPU
		{C11215F6-2903-4CE6-BEA2-B70F831770D5}.Debug|Any CPU.ActiveCfg = Debug|Any CPU
		{C11215F6-2903-4CE6-BEA2-B70F831770D5}.Debug|Any CPU.Build.0 = Debug|Any CPU
		{C11215F6-2903-4CE6-BEA2-B70F831770D5}.Release|Any CPU.ActiveCfg = Release|Any CPU
		{C11215F6-2903-4CE6-BEA2-B70F831770D5}.Release|Any CPU.Build.0 = Release|Any CPU
		{CCBC7CE7-6A6A-47F7-9781-36A864FDCBD5}.Debug|Any CPU.ActiveCfg = Debug|Any CPU
		{CCBC7CE7-6A6A-47F7-9781-36A864FDCBD5}.Debug|Any CPU.Build.0 = Debug|Any CPU
		{CCBC7CE7-6A6A-47F7-9781-36A864FDCBD5}.Release|Any CPU.ActiveCfg = Release|Any CPU
		{CCBC7CE7-6A6A-47F7-9781-36A864FDCBD5}.Release|Any CPU.Build.0 = Release|Any CPU
		{03B426E1-59BD-4E72-9528-DE37429E21C9}.Debug|Any CPU.ActiveCfg = Debug|Any CPU
		{03B426E1-59BD-4E72-9528-DE37429E21C9}.Debug|Any CPU.Build.0 = Debug|Any CPU
		{03B426E1-59BD-4E72-9528-DE37429E21C9}.Release|Any CPU.ActiveCfg = Release|Any CPU
		{03B426E1-59BD-4E72-9528-DE37429E21C9}.Release|Any CPU.Build.0 = Release|Any CPU
	EndGlobalSection
	GlobalSection(SolutionProperties) = preSolution
		HideSolutionNode = FALSE
	EndGlobalSection
	GlobalSection(ExtensibilityGlobals) = postSolution
		RESX_ConfirmAddLanguageFile = True
		RESX_NeutralResourcesLanguage = en-US
		RESX_SortFileContentOnSave = True
		RESX_ShowErrorsInErrorList = False
		SolutionGuid = {31C86FEF-A77A-49A7-9088-8E0D8AD2ACA5}
		RESX_ResXSortingComparison = Ordinal
	EndGlobalSection
EndGlobal
